
Microsoft Visual Studio Solution File, Format Version 12.00
# Visual Studio Version 16
VisualStudioVersion = 16.0.30204.135
MinimumVisualStudioVersion = 10.0.40219.1
Project("{FAE04EC0-301F-11D3-BF4B-00C04F79EFBC}") = "MVC.TAREA.WEB", "MVC.TAREA.WEB\MVC.TAREA.WEB.csproj", "{8040A5D6-13BF-45CB-B54F-63E633DD088B}"
EndProject
Global
	GlobalSection(SolutionConfigurationPlatforms) = preSolution
		Debug|Any CPU = Debug|Any CPU
		Release|Any CPU = Release|Any CPU
	EndGlobalSection
	GlobalSection(ProjectConfigurationPlatforms) = postSolution
		{8040A5D6-13BF-45CB-B54F-63E633DD088B}.Debug|Any CPU.ActiveCfg = Debug|Any CPU
		{8040A5D6-13BF-45CB-B54F-63E633DD088B}.Debug|Any CPU.Build.0 = Debug|Any CPU
		{8040A5D6-13BF-45CB-B54F-63E633DD088B}.Release|Any CPU.ActiveCfg = Release|Any CPU
		{8040A5D6-13BF-45CB-B54F-63E633DD088B}.Release|Any CPU.Build.0 = Release|Any CPU
	EndGlobalSection
	GlobalSection(SolutionProperties) = preSolution
		HideSolutionNode = FALSE
	EndGlobalSection
	GlobalSection(ExtensibilityGlobals) = postSolution
		SolutionGuid = {8CFF7478-0A51-4A7F-B07A-E63AD60BC179}
	EndGlobalSection
EndGlobal
